
Microsoft Visual Studio Solution File, Format Version 12.00
# Visual Studio Version 17
VisualStudioVersion = 17.8.34525.116
MinimumVisualStudioVersion = 10.0.40219.1
Project("{8BC9CEB8-8B4A-11D0-8D11-00A0C91BC942}") = "BasicSytax", "BasicSytax\BasicSytax.vcxproj", "{C6666C0B-98C1-44E2-998A-630B4FEA1BE3}"
EndProject
Global
	GlobalSection(SolutionConfigurationPlatforms) = preSolution
		Debug|x64 = Debug|x64
		Debug|x86 = Debug|x86
		Release|x64 = Release|x64
		Release|x86 = Release|x86
	EndGlobalSection
	GlobalSection(ProjectConfigurationPlatforms) = postSolution
		{C6666C0B-98C1-44E2-998A-630B4FEA1BE3}.Debug|x64.ActiveCfg = Debug|x64
		{C6666C0B-98C1-44E2-998A-630B4FEA1BE3}.Debug|x64.Build.0 = Debug|x64
		{C6666C0B-98C1-44E2-998A-630B4FEA1BE3}.Debug|x86.ActiveCfg = Debug|Win32
		{C6666C0B-98C1-44E2-998A-630B4FEA1BE3}.Debug|x86.Build.0 = Debug|Win32
		{C6666C0B-98C1-44E2-998A-630B4FEA1BE3}.Release|x64.ActiveCfg = Release|x64
		{C6666C0B-98C1-44E2-998A-630B4FEA1BE3}.Release|x64.Build.0 = Release|x64
		{C6666C0B-98C1-44E2-998A-630B4FEA1BE3}.Release|x86.ActiveCfg = Release|Win32
		{C6666C0B-98C1-44E2-998A-630B4FEA1BE3}.Release|x86.Build.0 = Release|Win32
	EndGlobalSection
	GlobalSection(SolutionProperties) = preSolution
		HideSolutionNode = FALSE
	EndGlobalSection
	GlobalSection(ExtensibilityGlobals) = postSolution
		SolutionGuid = {18D52091-EC33-4A24-8004-7EA008E8415F}
	EndGlobalSection
EndGlobal
